<?xml version="1.0" encoding="utf-8"?>
<Project ToolsVersion="4.0" xmlns="http://schemas.microsoft.com/developer/msbuild/2003">
  <ItemGroup>
    <Filter Include="Source Files">
      <UniqueIdentifier>{4FC737F1-C7A5-4376-A066-2A32D752A2FF}</UniqueIdentifier>
      <Extensions>cpp;c;cc;cxx;c++;def;odl;idl;hpj;bat;asm;asmx</Extensions>
    </Filter>
    <Filter Include="Header Files">
      <UniqueIdentifier>{93995380-89BD-4b04-88EB-625FBE52EBFB}</UniqueIdentifier>
      <Extensions>h;hh;hpp;hxx;h++;hm;inl;inc;ipp;xsd</Extensions>
    </Filter>
    <Filter Include="Resource Files">
      <UniqueIdentifier>{67DA6AB6-F800-4c08-8B7A-83BB121AAD01}</UniqueIdentifier>
      <Extensions>rc;ico;cur;bmp;dlg;rc2;rct;bin;rgs;gif;jpg;jpeg;jpe;resx;tiff;tif;png;wav;mfcribbon-ms</Extensions>
    </Filter>
  </ItemGroup>
  <ItemGroup>
    <ClCompile Include="Src\pch.cpp">
      <Filter>Source Files</Filter>
    </ClCompile>
    <ClCompile Include="Src\AlphaTestEffect.cpp">
      <Filter>Source Files</Filter>
    </ClCompile>
    <ClCompile Include="Src\BasicEffect.cpp">
      <Filter>Source Files</Filter>
    </ClCompile>
    <ClCompile Include="Src\BasicPostProcess.cpp">
      <Filter>Source Files</Filter>
    </ClCompile>
    <ClCompile Include="Src\BinaryReader.cpp">
      <Filter>Source Files</Filter>
    </ClCompile>
    <ClCompile Include="Src\CommonStates.cpp">
      <Filter>Source Files</Filter>
    </ClCompile>
    <ClCompile Include="Src\DDSTextureLoader.cpp">
      <Filter>Source Files</Filter>
    </ClCompile>
    <ClCompile Include="Src\DebugEffect.cpp">
      <Filter>Source Files</Filter>
    </ClCompile>
    <ClCompile Include="Src\DGSLEffect.cpp">
      <Filter>Source Files</Filter>
    </ClCompile>
    <ClCompile Include="Src\DGSLEffectFactory.cpp">
      <Filter>Source Files</Filter>
    </ClCompile>
    <ClCompile Include="Src\DualPostProcess.cpp">
      <Filter>Source Files</Filter>
    </ClCompile>
    <ClCompile Include="Src\DualTextureEffect.cpp">
      <Filter>Source Files</Filter>
    </ClCompile>
    <ClCompile Include="Src\EffectCommon.cpp">
      <Filter>Source Files</Filter>
    </ClCompile>
    <ClCompile Include="Src\EffectFactory.cpp">
      <Filter>Source Files</Filter>
    </ClCompile>
    <ClCompile Include="Src\EnvironmentMapEffect.cpp">
      <Filter>Source Files</Filter>
    </ClCompile>
    <ClCompile Include="Src\GamePad.cpp">
      <Filter>Source Files</Filter>
    </ClCompile>
    <ClCompile Include="Src\GeometricPrimitive.cpp">
      <Filter>Source Files</Filter>
    </ClCompile>
    <ClCompile Include="Src\Geometry.cpp">
      <Filter>Source Files</Filter>
    </ClCompile>
    <ClCompile Include="Src\GraphicsMemory.cpp">
      <Filter>Source Files</Filter>
    </ClCompile>
    <ClCompile Include="Src\Keyboard.cpp">
      <Filter>Source Files</Filter>
    </ClCompile>
    <ClCompile Include="Src\Model.cpp">
      <Filter>Source Files</Filter>
    </ClCompile>
    <ClCompile Include="Src\ModelLoadCMO.cpp">
      <Filter>Source Files</Filter>
    </ClCompile>
    <ClCompile Include="Src\ModelLoadSDKMESH.cpp">
      <Filter>Source Files</Filter>
    </ClCompile>
    <ClCompile Include="Src\ModelLoadVBO.cpp">
      <Filter>Source Files</Filter>
    </ClCompile>
    <ClCompile Include="Src\Mouse.cpp">
      <Filter>Source Files</Filter>
    </ClCompile>
    <ClCompile Include="Src\NormalMapEffect.cpp">
      <Filter>Source Files</Filter>
    </ClCompile>
    <ClCompile Include="Src\PBREffect.cpp">
      <Filter>Source Files</Filter>
    </ClCompile>
    <ClCompile Include="Src\PBREffectFactory.cpp">
      <Filter>Source Files</Filter>
    </ClCompile>
    <ClCompile Include="Src\PrimitiveBatch.cpp">
      <Filter>Source Files</Filter>
    </ClCompile>
    <ClCompile Include="Src\ScreenGrab.cpp">
      <Filter>Source Files</Filter>
    </ClCompile>
    <ClCompile Include="Src\SimpleMath.cpp">
      <Filter>Source Files</Filter>
    </ClCompile>
    <ClCompile Include="Src\SkinnedEffect.cpp">
      <Filter>Source Files</Filter>
    </ClCompile>
    <ClCompile Include="Src\SpriteBatch.cpp">
      <Filter>Source Files</Filter>
    </ClCompile>
    <ClCompile Include="Src\SpriteFont.cpp">
      <Filter>Source Files</Filter>
    </ClCompile>
    <ClCompile Include="Src\ToneMapPostProcess.cpp">
      <Filter>Source Files</Filter>
    </ClCompile>
    <ClCompile Include="Src\VertexTypes.cpp">
      <Filter>Source Files</Filter>
    </ClCompile>
    <ClCompile Include="Src\WICTextureLoader.cpp">
      <Filter>Source Files</Filter>
    </ClCompile>
    <ClCompile Include="Audio\AudioEngine.cpp">
      <Filter>Source Files</Filter>
    </ClCompile>
    <ClCompile Include="Audio\DynamicSoundEffectInstance.cpp">
      <Filter>Source Files</Filter>
    </ClCompile>
    <ClCompile Include="Audio\SoundCommon.cpp">
      <Filter>Source Files</Filter>
    </ClCompile>
    <ClCompile Include="Audio\SoundEffect.cpp">
      <Filter>Source Files</Filter>
    </ClCompile>
    <ClCompile Include="Audio\SoundEffectInstance.cpp">
      <Filter>Source Files</Filter>
    </ClCompile>
    <ClCompile Include="Audio\WaveBank.cpp">
      <Filter>Source Files</Filter>
    </ClCompile>
    <ClCompile Include="Audio\WaveBankReader.cpp">
      <Filter>Source Files</Filter>
    </ClCompile>
    <ClCompile Include="Audio\WAVFileReader.cpp">
      <Filter>Source Files</Filter>
    </ClCompile>
  </ItemGroup>
  <ItemGroup>
    <None Include="Src\Shaders\Compiled\AlphaTestEffect_PSAlphaTestEqNe.inc">
      <Filter>Header Files</Filter>
    </None>
    <None Include="Src\Shaders\Compiled\AlphaTestEffect_PSAlphaTestEqNeNoFog.inc">
      <Filter>Header Files</Filter>
    </None>
    <None Include="Src\Shaders\Compiled\AlphaTestEffect_PSAlphaTestLtGt.inc">
      <Filter>Header Files</Filter>
    </None>
    <None Include="Src\Shaders\Compiled\AlphaTestEffect_PSAlphaTestLtGtNoFog.inc">
      <Filter>Header Files</Filter>
    </None>
    <None Include="Src\Shaders\Compiled\AlphaTestEffect_VSAlphaTest.inc">
      <Filter>Header Files</Filter>
    </None>
    <None Include="Src\Shaders\Compiled\AlphaTestEffect_VSAlphaTestNoFog.inc">
      <Filter>Header Files</Filter>
    </None>
    <None Include="Src\Shaders\Compiled\AlphaTestEffect_VSAlphaTestVc.inc">
      <Filter>Header Files</Filter>
    </None>
    <None Include="Src\Shaders\Compiled\AlphaTestEffect_VSAlphaTestVcNoFog.inc">
      <Filter>Header Files</Filter>
    </None>
    <None Include="Src\Shaders\Compiled\BasicEffect_PSBasic.inc">
      <Filter>Header Files</Filter>
    </None>
    <None Include="Src\Shaders\Compiled\BasicEffect_PSBasicNoFog.inc">
      <Filter>Header Files</Filter>
    </None>
    <None Include="Src\Shaders\Compiled\BasicEffect_PSBasicPixelLighting.inc">
      <Filter>Header Files</Filter>
    </None>
    <None Include="Src\Shaders\Compiled\BasicEffect_PSBasicPixelLightingTx.inc">
      <Filter>Header Files</Filter>
    </None>
    <None Include="Src\Shaders\Compiled\BasicEffect_PSBasicTx.inc">
      <Filter>Header Files</Filter>
    </None>
    <None Include="Src\Shaders\Compiled\BasicEffect_PSBasicTxNoFog.inc">
      <Filter>Header Files</Filter>
    </None>
    <None Include="Src\Shaders\Compiled\BasicEffect_PSBasicVertexLighting.inc">
      <Filter>Header Files</Filter>
    </None>
    <None Include="Src\Shaders\Compiled\BasicEffect_PSBasicVertexLightingNoFog.inc">
      <Filter>Header Files</Filter>
    </None>
    <None Include="Src\Shaders\Compiled\BasicEffect_PSBasicVertexLightingTx.inc">
      <Filter>Header Files</Filter>
    </None>
    <None Include="Src\Shaders\Compiled\BasicEffect_PSBasicVertexLightingTxNoFog.inc">
      <Filter>Header Files</Filter>
    </None>
    <None Include="Src\Shaders\Compiled\BasicEffect_VSBasic.inc">
      <Filter>Header Files</Filter>
    </None>
    <None Include="Src\Shaders\Compiled\BasicEffect_VSBasicNoFog.inc">
      <Filter>Header Files</Filter>
    </None>
    <None Include="Src\Shaders\Compiled\BasicEffect_VSBasicOneLight.inc">
      <Filter>Header Files</Filter>
    </None>
    <None Include="Src\Shaders\Compiled\BasicEffect_VSBasicOneLightBn.inc">
      <Filter>Header Files</Filter>
    </None>
    <None Include="Src\Shaders\Compiled\BasicEffect_VSBasicOneLightTx.inc">
      <Filter>Header Files</Filter>
    </None>
    <None Include="Src\Shaders\Compiled\BasicEffect_VSBasicOneLightTxBn.inc">
      <Filter>Header Files</Filter>
    </None>
    <None Include="Src\Shaders\Compiled\BasicEffect_VSBasicOneLightTxVc.inc">
      <Filter>Header Files</Filter>
    </None>
    <None Include="Src\Shaders\Compiled\BasicEffect_VSBasicOneLightTxVcBn.inc">
      <Filter>Header Files</Filter>
    </None>
    <None Include="Src\Shaders\Compiled\BasicEffect_VSBasicOneLightVc.inc">
      <Filter>Header Files</Filter>
    </None>
    <None Include="Src\Shaders\Compiled\BasicEffect_VSBasicOneLightVcBn.inc">
      <Filter>Header Files</Filter>
    </None>
    <None Include="Src\Shaders\Compiled\BasicEffect_VSBasicPixelLighting.inc">
      <Filter>Header Files</Filter>
    </None>
    <None Include="Src\Shaders\Compiled\BasicEffect_VSBasicPixelLightingBn.inc">
      <Filter>Header Files</Filter>
    </None>
    <None Include="Src\Shaders\Compiled\BasicEffect_VSBasicPixelLightingTx.inc">
      <Filter>Header Files</Filter>
    </None>
    <None Include="Src\Shaders\Compiled\BasicEffect_VSBasicPixelLightingTxBn.inc">
      <Filter>Header Files</Filter>
    </None>
    <None Include="Src\Shaders\Compiled\BasicEffect_VSBasicPixelLightingTxVc.inc">
      <Filter>Header Files</Filter>
    </None>
    <None Include="Src\Shaders\Compiled\BasicEffect_VSBasicPixelLightingTxVcBn.inc">
      <Filter>Header Files</Filter>
    </None>
    <None Include="Src\Shaders\Compiled\BasicEffect_VSBasicPixelLightingVc.inc">
      <Filter>Header Files</Filter>
    </None>
    <None Include="Src\Shaders\Compiled\BasicEffect_VSBasicPixelLightingVcBn.inc">
      <Filter>Header Files</Filter>
    </None>
    <None Include="Src\Shaders\Compiled\BasicEffect_VSBasicTx.inc">
      <Filter>Header Files</Filter>
    </None>
    <None Include="Src\Shaders\Compiled\BasicEffect_VSBasicTxNoFog.inc">
      <Filter>Header Files</Filter>
    </None>
    <None Include="Src\Shaders\Compiled\BasicEffect_VSBasicTxVc.inc">
      <Filter>Header Files</Filter>
    </None>
    <None Include="Src\Shaders\Compiled\BasicEffect_VSBasicTxVcNoFog.inc">
      <Filter>Header Files</Filter>
    </None>
    <None Include="Src\Shaders\Compiled\BasicEffect_VSBasicVc.inc">
      <Filter>Header Files</Filter>
    </None>
    <None Include="Src\Shaders\Compiled\BasicEffect_VSBasicVcNoFog.inc">
      <Filter>Header Files</Filter>
    </None>
    <None Include="Src\Shaders\Compiled\BasicEffect_VSBasicVertexLighting.inc">
      <Filter>Header Files</Filter>
    </None>
    <None Include="Src\Shaders\Compiled\BasicEffect_VSBasicVertexLightingBn.inc">
      <Filter>Header Files</Filter>
    </None>
    <None Include="Src\Shaders\Compiled\BasicEffect_VSBasicVertexLightingTx.inc">
      <Filter>Header Files</Filter>
    </None>
    <None Include="Src\Shaders\Compiled\BasicEffect_VSBasicVertexLightingTxBn.inc">
      <Filter>Header Files</Filter>
    </None>
    <None Include="Src\Shaders\Compiled\BasicEffect_VSBasicVertexLightingTxVc.inc">
      <Filter>Header Files</Filter>
    </None>
    <None Include="Src\Shaders\Compiled\BasicEffect_VSBasicVertexLightingTxVcBn.inc">
      <Filter>Header Files</Filter>
    </None>
    <None Include="Src\Shaders\Compiled\BasicEffect_VSBasicVertexLightingVc.inc">
      <Filter>Header Files</Filter>
    </None>
    <None Include="Src\Shaders\Compiled\BasicEffect_VSBasicVertexLightingVcBn.inc">
      <Filter>Header Files</Filter>
    </None>
    <None Include="Src\Shaders\Compiled\DebugEffect_PSHemiAmbient.inc">
      <Filter>Header Files</Filter>
    </None>
    <None Include="Src\Shaders\Compiled\DebugEffect_PSRGBBiTangents.inc">
      <Filter>Header Files</Filter>
    </None>
    <None Include="Src\Shaders\Compiled\DebugEffect_PSRGBNormals.inc">
      <Filter>Header Files</Filter>
    </None>
    <None Include="Src\Shaders\Compiled\DebugEffect_PSRGBTangents.inc">
      <Filter>Header Files</Filter>
    </None>
    <None Include="Src\Shaders\Compiled\DebugEffect_VSDebug.inc">
      <Filter>Header Files</Filter>
    </None>
    <None Include="Src\Shaders\Compiled\DebugEffect_VSDebugBn.inc">
      <Filter>Header Files</Filter>
    </None>
    <None Include="Src\Shaders\Compiled\DebugEffect_VSDebugVc.inc">
      <Filter>Header Files</Filter>
    </None>
    <None Include="Src\Shaders\Compiled\DebugEffect_VSDebugVcBn.inc">
      <Filter>Header Files</Filter>
    </None>
    <None Include="Src\Shaders\Compiled\DGSLEffect_main.inc">
      <Filter>Header Files</Filter>
    </None>
    <None Include="Src\Shaders\Compiled\DGSLEffect_main1Bones.inc">
      <Filter>Header Files</Filter>
    </None>
    <None Include="Src\Shaders\Compiled\DGSLEffect_main1BonesVc.inc">
      <Filter>Header Files</Filter>
    </None>
    <None Include="Src\Shaders\Compiled\DGSLEffect_main2Bones.inc">
      <Filter>Header Files</Filter>
    </None>
    <None Include="Src\Shaders\Compiled\DGSLEffect_main2BonesVc.inc">
      <Filter>Header Files</Filter>
    </None>
    <None Include="Src\Shaders\Compiled\DGSLEffect_main4Bones.inc">
      <Filter>Header Files</Filter>
    </None>
    <None Include="Src\Shaders\Compiled\DGSLEffect_main4BonesVc.inc">
      <Filter>Header Files</Filter>
    </None>
    <None Include="Src\Shaders\Compiled\DGSLEffect_mainVc.inc">
      <Filter>Header Files</Filter>
    </None>
    <None Include="Src\Shaders\Compiled\DGSLLambert_main.inc">
      <Filter>Header Files</Filter>
    </None>
    <None Include="Src\Shaders\Compiled\DGSLLambert_mainTk.inc">
      <Filter>Header Files</Filter>
    </None>
    <None Include="Src\Shaders\Compiled\DGSLLambert_mainTx.inc">
      <Filter>Header Files</Filter>
    </None>
    <None Include="Src\Shaders\Compiled\DGSLLambert_mainTxTk.inc">
      <Filter>Header Files</Filter>
    </None>
    <None Include="Src\Shaders\Compiled\DGSLPhong_main.inc">
      <Filter>Header Files</Filter>
    </None>
    <None Include="Src\Shaders\Compiled\DGSLPhong_mainTk.inc">
      <Filter>Header Files</Filter>
    </None>
    <None Include="Src\Shaders\Compiled\DGSLPhong_mainTx.inc">
      <Filter>Header Files</Filter>
    </None>
    <None Include="Src\Shaders\Compiled\DGSLPhong_mainTxTk.inc">
      <Filter>Header Files</Filter>
    </None>
    <None Include="Src\Shaders\Compiled\DGSLUnlit_main.inc">
      <Filter>Header Files</Filter>
    </None>
    <None Include="Src\Shaders\Compiled\DGSLUnlit_mainTk.inc">
      <Filter>Header Files</Filter>
    </None>
    <None Include="Src\Shaders\Compiled\DGSLUnlit_mainTx.inc">
      <Filter>Header Files</Filter>
    </None>
    <None Include="Src\Shaders\Compiled\DGSLUnlit_mainTxTk.inc">
      <Filter>Header Files</Filter>
    </None>
    <None Include="Src\Shaders\Compiled\DualTextureEffect_PSDualTexture.inc">
      <Filter>Header Files</Filter>
    </None>
    <None Include="Src\Shaders\Compiled\DualTextureEffect_PSDualTextureNoFog.inc">
      <Filter>Header Files</Filter>
    </None>
    <None Include="Src\Shaders\Compiled\DualTextureEffect_VSDualTexture.inc">
      <Filter>Header Files</Filter>
    </None>
    <None Include="Src\Shaders\Compiled\DualTextureEffect_VSDualTextureNoFog.inc">
      <Filter>Header Files</Filter>
    </None>
    <None Include="Src\Shaders\Compiled\DualTextureEffect_VSDualTextureVc.inc">
      <Filter>Header Files</Filter>
    </None>
    <None Include="Src\Shaders\Compiled\DualTextureEffect_VSDualTextureVcNoFog.inc">
      <Filter>Header Files</Filter>
    </None>
    <None Include="Src\Shaders\Compiled\EnvironmentMapEffect_PSEnvMap.inc">
      <Filter>Header Files</Filter>
    </None>
    <None Include="Src\Shaders\Compiled\EnvironmentMapEffect_PSEnvMapNoFog.inc">
      <Filter>Header Files</Filter>
    </None>
    <None Include="Src\Shaders\Compiled\EnvironmentMapEffect_PSEnvMapPixelLighting.inc">
      <Filter>Header Files</Filter>
    </None>
    <None Include="Src\Shaders\Compiled\EnvironmentMapEffect_PSEnvMapPixelLightingFresnel.inc">
      <Filter>Header Files</Filter>
    </None>
    <None Include="Src\Shaders\Compiled\EnvironmentMapEffect_PSEnvMapPixelLightingFresnelNoFog.inc">
      <Filter>Header Files</Filter>
    </None>
    <None Include="Src\Shaders\Compiled\EnvironmentMapEffect_PSEnvMapPixelLightingNoFog.inc">
      <Filter>Header Files</Filter>
    </None>
    <None Include="Src\Shaders\Compiled\EnvironmentMapEffect_PSEnvMapSpecular.inc">
      <Filter>Header Files</Filter>
    </None>
    <None Include="Src\Shaders\Compiled\EnvironmentMapEffect_PSEnvMapSpecularNoFog.inc">
      <Filter>Header Files</Filter>
    </None>
    <None Include="Src\Shaders\Compiled\EnvironmentMapEffect_VSEnvMap.inc">
      <Filter>Header Files</Filter>
    </None>
    <None Include="Src\Shaders\Compiled\EnvironmentMapEffect_VSEnvMapBn.inc">
      <Filter>Header Files</Filter>
    </None>
    <None Include="Src\Shaders\Compiled\EnvironmentMapEffect_VSEnvMapFresnel.inc">
      <Filter>Header Files</Filter>
    </None>
    <None Include="Src\Shaders\Compiled\EnvironmentMapEffect_VSEnvMapFresnelBn.inc">
      <Filter>Header Files</Filter>
    </None>
    <None Include="Src\Shaders\Compiled\EnvironmentMapEffect_VSEnvMapOneLight.inc">
      <Filter>Header Files</Filter>
    </None>
    <None Include="Src\Shaders\Compiled\EnvironmentMapEffect_VSEnvMapOneLightBn.inc">
      <Filter>Header Files</Filter>
    </None>
    <None Include="Src\Shaders\Compiled\EnvironmentMapEffect_VSEnvMapOneLightFresnel.inc">
      <Filter>Header Files</Filter>
    </None>
    <None Include="Src\Shaders\Compiled\EnvironmentMapEffect_VSEnvMapOneLightFresnelBn.inc">
      <Filter>Header Files</Filter>
    </None>
    <None Include="Src\Shaders\Compiled\EnvironmentMapEffect_VSEnvMapPixelLighting.inc">
      <Filter>Header Files</Filter>
    </None>
    <None Include="Src\Shaders\Compiled\EnvironmentMapEffect_VSEnvMapPixelLightingBn.inc">
      <Filter>Header Files</Filter>
    </None>
    <None Include="Src\Shaders\Compiled\NormalMapEffect_PSNormalPixelLightingTx.inc">
      <Filter>Header Files</Filter>
    </None>
    <None Include="Src\Shaders\Compiled\NormalMapEffect_PSNormalPixelLightingTxNoFog.inc">
      <Filter>Header Files</Filter>
    </None>
    <None Include="Src\Shaders\Compiled\NormalMapEffect_PSNormalPixelLightingTxNoFogSpec.inc">
      <Filter>Header Files</Filter>
    </None>
    <None Include="Src\Shaders\Compiled\NormalMapEffect_PSNormalPixelLightingTxNoSpec.inc">
      <Filter>Header Files</Filter>
    </None>
    <None Include="Src\Shaders\Compiled\NormalMapEffect_VSNormalPixelLightingTx.inc">
      <Filter>Header Files</Filter>
    </None>
    <None Include="Src\Shaders\Compiled\NormalMapEffect_VSNormalPixelLightingTxBn.inc">
      <Filter>Header Files</Filter>
    </None>
    <None Include="Src\Shaders\Compiled\NormalMapEffect_VSNormalPixelLightingTxVc.inc">
      <Filter>Header Files</Filter>
    </None>
    <None Include="Src\Shaders\Compiled\NormalMapEffect_VSNormalPixelLightingTxVcBn.inc">
      <Filter>Header Files</Filter>
    </None>
    <None Include="Src\Shaders\Compiled\PBREffect_PSConstant.inc">
      <Filter>Header Files</Filter>
    </None>
    <None Include="Src\Shaders\Compiled\PBREffect_PSTextured.inc">
      <Filter>Header Files</Filter>
    </None>
    <None Include="Src\Shaders\Compiled\PBREffect_PSTexturedEmissive.inc">
      <Filter>Header Files</Filter>
    </None>
    <None Include="Src\Shaders\Compiled\PBREffect_PSTexturedEmissiveVelocity.inc">
      <Filter>Header Files</Filter>
    </None>
    <None Include="Src\Shaders\Compiled\PBREffect_PSTexturedVelocity.inc">
      <Filter>Header Files</Filter>
    </None>
    <None Include="Src\Shaders\Compiled\PBREffect_VSConstant.inc">
      <Filter>Header Files</Filter>
    </None>
    <None Include="Src\Shaders\Compiled\PBREffect_VSConstantBn.inc">
      <Filter>Header Files</Filter>
    </None>
    <None Include="Src\Shaders\Compiled\PBREffect_VSConstantVelocity.inc">
      <Filter>Header Files</Filter>
    </None>
    <None Include="Src\Shaders\Compiled\PBREffect_VSConstantVelocityBn.inc">
      <Filter>Header Files</Filter>
    </None>
    <None Include="Src\Shaders\Compiled\PostProcess_PSBloomBlur.inc">
      <Filter>Header Files</Filter>
    </None>
    <None Include="Src\Shaders\Compiled\PostProcess_PSBloomCombine.inc">
      <Filter>Header Files</Filter>
    </None>
    <None Include="Src\Shaders\Compiled\PostProcess_PSBloomExtract.inc">
      <Filter>Header Files</Filter>
    </None>
    <None Include="Src\Shaders\Compiled\PostProcess_PSCopy.inc">
      <Filter>Header Files</Filter>
    </None>
    <None Include="Src\Shaders\Compiled\PostProcess_PSDownScale2x2.inc">
      <Filter>Header Files</Filter>
    </None>
    <None Include="Src\Shaders\Compiled\PostProcess_PSDownScale4x4.inc">
      <Filter>Header Files</Filter>
    </None>
    <None Include="Src\Shaders\Compiled\PostProcess_PSGaussianBlur5x5.inc">
      <Filter>Header Files</Filter>
    </None>
    <None Include="Src\Shaders\Compiled\PostProcess_PSMerge.inc">
      <Filter>Header Files</Filter>
    </None>
    <None Include="Src\Shaders\Compiled\PostProcess_PSMonochrome.inc">
      <Filter>Header Files</Filter>
    </None>
    <None Include="Src\Shaders\Compiled\PostProcess_PSSepia.inc">
      <Filter>Header Files</Filter>
    </None>
    <None Include="Src\Shaders\Compiled\PostProcess_VSQuad.inc">
      <Filter>Header Files</Filter>
    </None>
    <None Include="Src\Shaders\Compiled\SkinnedEffect_PSSkinnedPixelLighting.inc">
      <Filter>Header Files</Filter>
    </None>
    <None Include="Src\Shaders\Compiled\SkinnedEffect_PSSkinnedVertexLighting.inc">
      <Filter>Header Files</Filter>
    </None>
    <None Include="Src\Shaders\Compiled\SkinnedEffect_PSSkinnedVertexLightingNoFog.inc">
      <Filter>Header Files</Filter>
    </None>
    <None Include="Src\Shaders\Compiled\SkinnedEffect_VSSkinnedOneLightFourBones.inc">
      <Filter>Header Files</Filter>
    </None>
    <None Include="Src\Shaders\Compiled\SkinnedEffect_VSSkinnedOneLightFourBonesBn.inc">
      <Filter>Header Files</Filter>
    </None>
    <None Include="Src\Shaders\Compiled\SkinnedEffect_VSSkinnedOneLightOneBone.inc">
      <Filter>Header Files</Filter>
    </None>
    <None Include="Src\Shaders\Compiled\SkinnedEffect_VSSkinnedOneLightOneBoneBn.inc">
      <Filter>Header Files</Filter>
    </None>
    <None Include="Src\Shaders\Compiled\SkinnedEffect_VSSkinnedOneLightTwoBones.inc">
      <Filter>Header Files</Filter>
    </None>
    <None Include="Src\Shaders\Compiled\SkinnedEffect_VSSkinnedOneLightTwoBonesBn.inc">
      <Filter>Header Files</Filter>
    </None>
    <None Include="Src\Shaders\Compiled\SkinnedEffect_VSSkinnedPixelLightingFourBones.inc">
      <Filter>Header Files</Filter>
    </None>
    <None Include="Src\Shaders\Compiled\SkinnedEffect_VSSkinnedPixelLightingFourBonesBn.inc">
      <Filter>Header Files</Filter>
    </None>
    <None Include="Src\Shaders\Compiled\SkinnedEffect_VSSkinnedPixelLightingOneBone.inc">
      <Filter>Header Files</Filter>
    </None>
    <None Include="Src\Shaders\Compiled\SkinnedEffect_VSSkinnedPixelLightingOneBoneBn.inc">
      <Filter>Header Files</Filter>
    </None>
    <None Include="Src\Shaders\Compiled\SkinnedEffect_VSSkinnedPixelLightingTwoBones.inc">
      <Filter>Header Files</Filter>
    </None>
    <None Include="Src\Shaders\Compiled\SkinnedEffect_VSSkinnedPixelLightingTwoBonesBn.inc">
      <Filter>Header Files</Filter>
    </None>
    <None Include="Src\Shaders\Compiled\SkinnedEffect_VSSkinnedVertexLightingFourBones.inc">
      <Filter>Header Files</Filter>
    </None>
    <None Include="Src\Shaders\Compiled\SkinnedEffect_VSSkinnedVertexLightingFourBonesBn.inc">
      <Filter>Header Files</Filter>
    </None>
    <None Include="Src\Shaders\Compiled\SkinnedEffect_VSSkinnedVertexLightingOneBone.inc">
      <Filter>Header Files</Filter>
    </None>
    <None Include="Src\Shaders\Compiled\SkinnedEffect_VSSkinnedVertexLightingOneBoneBn.inc">
      <Filter>Header Files</Filter>
    </None>
    <None Include="Src\Shaders\Compiled\SkinnedEffect_VSSkinnedVertexLightingTwoBones.inc">
      <Filter>Header Files</Filter>
    </None>
    <None Include="Src\Shaders\Compiled\SkinnedEffect_VSSkinnedVertexLightingTwoBonesBn.inc">
      <Filter>Header Files</Filter>
    </None>
    <None Include="Src\Shaders\Compiled\SpriteEffect_SpritePixelShader.inc">
      <Filter>Header Files</Filter>
    </None>
    <None Include="Src\Shaders\Compiled\SpriteEffect_SpriteVertexShader.inc">
      <Filter>Header Files</Filter>
    </None>
    <None Include="Src\Shaders\Compiled\ToneMap_PS_SRGB.inc">
      <Filter>Header Files</Filter>
    </None>
    <None Include="Src\Shaders\Compiled\ToneMap_PSACESFilmic.inc">
      <Filter>Header Files</Filter>
    </None>
    <None Include="Src\Shaders\Compiled\ToneMap_PSACESFilmic_SRGB.inc">
      <Filter>Header Files</Filter>
    </None>
    <None Include="Src\Shaders\Compiled\ToneMap_PSCopy.inc">
      <Filter>Header Files</Filter>
    </None>
    <None Include="Src\Shaders\Compiled\ToneMap_PSHDR10.inc">
      <Filter>Header Files</Filter>
    </None>
    <None Include="Src\Shaders\Compiled\ToneMap_PSReinhard.inc">
      <Filter>Header Files</Filter>
    </None>
    <None Include="Src\Shaders\Compiled\ToneMap_PSReinhard_SRGB.inc">
      <Filter>Header Files</Filter>
    </None>
    <None Include="Src\Shaders\Compiled\ToneMap_PSSaturate.inc">
      <Filter>Header Files</Filter>
    </None>
    <None Include="Src\Shaders\Compiled\ToneMap_PSSaturate_SRGB.inc">
      <Filter>Header Files</Filter>
    </None>
    <None Include="Src\Shaders\Compiled\ToneMap_VSQuad.inc">
      <Filter>Header Files</Filter>
    </None>
    <None Include="Src\TeapotData.inc">
      <Filter>Header Files</Filter>
    </None>
    <None Include="Inc\SimpleMath.inl">
      <Filter>Header Files</Filter>
    </None>
  </ItemGroup>
  <ItemGroup>
    <ClInclude Include="Src\AlignedNew.h">
      <Filter>Header Files</Filter>
    </ClInclude>
    <ClInclude Include="Src\Bezier.h">
      <Filter>Header Files</Filter>
    </ClInclude>
    <ClInclude Include="Src\BinaryReader.h">
      <Filter>Header Files</Filter>
    </ClInclude>
    <ClInclude Include="Src\ConstantBuffer.h">
      <Filter>Header Files</Filter>
    </ClInclude>
    <ClInclude Include="Src\DDS.h">
      <Filter>Header Files</Filter>
    </ClInclude>
    <ClInclude Include="Src\DemandCreate.h">
      <Filter>Header Files</Filter>
    </ClInclude>
    <ClInclude Include="Src\EffectCommon.h">
      <Filter>Header Files</Filter>
    </ClInclude>
    <ClInclude Include="Src\Geometry.h">
      <Filter>Header Files</Filter>
    </ClInclude>
    <ClInclude Include="Src\LoaderHelpers.h">
      <Filter>Header Files</Filter>
    </ClInclude>
    <ClInclude Include="Src\pch.h">
      <Filter>Header Files</Filter>
    </ClInclude>
    <ClInclude Include="Src\PlatformHelpers.h">
      <Filter>Header Files</Filter>
    </ClInclude>
    <ClInclude Include="Src\SDKMesh.h">
      <Filter>Header Files</Filter>
    </ClInclude>
    <ClInclude Include="Src\SharedResourcePool.h">
      <Filter>Header Files</Filter>
    </ClInclude>
    <ClInclude Include="Src\vbo.h">
      <Filter>Header Files</Filter>
    </ClInclude>
    <ClInclude Include="Inc\Audio.h">
      <Filter>Header Files</Filter>
    </ClInclude>
    <ClInclude Include="Inc\CommonStates.h">
      <Filter>Header Files</Filter>
    </ClInclude>
    <ClInclude Include="Inc\DDSTextureLoader.h">
      <Filter>Header Files</Filter>
    </ClInclude>
    <ClInclude Include="Inc\DirectXHelpers.h">
      <Filter>Header Files</Filter>
    </ClInclude>
    <ClInclude Include="Inc\Effects.h">
      <Filter>Header Files</Filter>
    </ClInclude>
    <ClInclude Include="Inc\GamePad.h">
      <Filter>Header Files</Filter>
    </ClInclude>
    <ClInclude Include="Inc\GeometricPrimitive.h">
      <Filter>Header Files</Filter>
    </ClInclude>
    <ClInclude Include="Inc\GraphicsMemory.h">
      <Filter>Header Files</Filter>
    </ClInclude>
    <ClInclude Include="Inc\Keyboard.h">
      <Filter>Header Files</Filter>
    </ClInclude>
    <ClInclude Include="Inc\Model.h">
      <Filter>Header Files</Filter>
    </ClInclude>
    <ClInclude Include="Inc\Mouse.h">
      <Filter>Header Files</Filter>
    </ClInclude>
    <ClInclude Include="Inc\PostProcess.h">
      <Filter>Header Files</Filter>
    </ClInclude>
    <ClInclude Include="Inc\PrimitiveBatch.h">
      <Filter>Header Files</Filter>
    </ClInclude>
    <ClInclude Include="Inc\ScreenGrab.h">
      <Filter>Header Files</Filter>
    </ClInclude>
    <ClInclude Include="Inc\SimpleMath.h">
      <Filter>Header Files</Filter>
    </ClInclude>
    <ClInclude Include="Inc\SpriteBatch.h">
      <Filter>Header Files</Filter>
    </ClInclude>
    <ClInclude Include="Inc\SpriteFont.h">
      <Filter>Header Files</Filter>
    </ClInclude>
    <ClInclude Include="Inc\VertexTypes.h">
      <Filter>Header Files</Filter>
    </ClInclude>
    <ClInclude Include="Inc\WICTextureLoader.h">
      <Filter>Header Files</Filter>
    </ClInclude>
    <ClInclude Include="Audio\SoundCommon.h">
      <Filter>Header Files</Filter>
    </ClInclude>
    <ClInclude Include="Audio\WaveBankReader.h">
      <Filter>Header Files</Filter>
    </ClInclude>
    <ClInclude Include="Audio\WAVFileReader.h">
      <Filter>Header Files</Filter>
    </ClInclude>
  </ItemGroup>
</Project>